
Microsoft Visual Studio Solution File, Format Version 12.00
# Visual Studio 15
VisualStudioVersion = 15.0.28307.779
MinimumVisualStudioVersion = 10.0.40219.1
Project("{FAE04EC0-301F-11D3-BF4B-00C04F79EFBC}") = "CodeLab", "CodeLab\CodeLab.csproj", "{D926D13E-5F45-422E-B3EF-C44FAF751FA9}"
EndProject
Global
	GlobalSection(SolutionConfigurationPlatforms) = preSolution
		Debug|Any CPU = Debug|Any CPU
		Release|Any CPU = Release|Any CPU
	EndGlobalSection
	GlobalSection(ProjectConfigurationPlatforms) = postSolution
		{D926D13E-5F45-422E-B3EF-C44FAF751FA9}.Debug|Any CPU.ActiveCfg = Debug|Any CPU
		{D926D13E-5F45-422E-B3EF-C44FAF751FA9}.Debug|Any CPU.Build.0 = Debug|Any CPU
		{D926D13E-5F45-422E-B3EF-C44FAF751FA9}.Release|Any CPU.ActiveCfg = Release|Any CPU
		{D926D13E-5F45-422E-B3EF-C44FAF751FA9}.Release|Any CPU.Build.0 = Release|Any CPU
	EndGlobalSection
	GlobalSection(SolutionProperties) = preSolution
		HideSolutionNode = FALSE
	EndGlobalSection
	GlobalSection(ExtensibilityGlobals) = postSolution
		SolutionGuid = {C6F7C10D-14EB-405A-9A23-AB3DA1AE5161}
	EndGlobalSection
EndGlobal
